
Microsoft Visual Studio Solution File, Format Version 12.00
# Visual Studio Version 17
VisualStudioVersion = 17.2.32516.85
MinimumVisualStudioVersion = 10.0.40219.1
Project("{FAE04EC0-301F-11D3-BF4B-00C04F79EFBC}") = "staticexercise", "staticexercise\staticexercise.csproj", "{EAC3E75E-0BA0-405A-9037-996E8082852A}"
EndProject
Global
	GlobalSection(SolutionConfigurationPlatforms) = preSolution
		Debug|Any CPU = Debug|Any CPU
		Release|Any CPU = Release|Any CPU
	EndGlobalSection
	GlobalSection(ProjectConfigurationPlatforms) = postSolution
		{EAC3E75E-0BA0-405A-9037-996E8082852A}.Debug|Any CPU.ActiveCfg = Debug|Any CPU
		{EAC3E75E-0BA0-405A-9037-996E8082852A}.Debug|Any CPU.Build.0 = Debug|Any CPU
		{EAC3E75E-0BA0-405A-9037-996E8082852A}.Release|Any CPU.ActiveCfg = Release|Any CPU
		{EAC3E75E-0BA0-405A-9037-996E8082852A}.Release|Any CPU.Build.0 = Release|Any CPU
	EndGlobalSection
	GlobalSection(SolutionProperties) = preSolution
		HideSolutionNode = FALSE
	EndGlobalSection
	GlobalSection(ExtensibilityGlobals) = postSolution
		SolutionGuid = {4DD3E011-34E6-48C5-B3D8-CF00376FF6F9}
	EndGlobalSection
EndGlobal
